
Microsoft Visual Studio Solution File, Format Version 12.00
# Visual Studio Version 16
VisualStudioVersion = 16.0.30225.117
MinimumVisualStudioVersion = 10.0.40219.1
Project("{FAE04EC0-301F-11D3-BF4B-00C04F79EFBC}") = "AssignmentLinkedList", "AssignmentLinkedList\AssignmentLinkedList.csproj", "{D507FA8A-A433-4E85-9FA1-ECADB6BCEA4A}"
EndProject
Global
	GlobalSection(SolutionConfigurationPlatforms) = preSolution
		Debug|Any CPU = Debug|Any CPU
		Release|Any CPU = Release|Any CPU
	EndGlobalSection
	GlobalSection(ProjectConfigurationPlatforms) = postSolution
		{D507FA8A-A433-4E85-9FA1-ECADB6BCEA4A}.Debug|Any CPU.ActiveCfg = Debug|Any CPU
		{D507FA8A-A433-4E85-9FA1-ECADB6BCEA4A}.Debug|Any CPU.Build.0 = Debug|Any CPU
		{D507FA8A-A433-4E85-9FA1-ECADB6BCEA4A}.Release|Any CPU.ActiveCfg = Release|Any CPU
		{D507FA8A-A433-4E85-9FA1-ECADB6BCEA4A}.Release|Any CPU.Build.0 = Release|Any CPU
	EndGlobalSection
	GlobalSection(SolutionProperties) = preSolution
		HideSolutionNode = FALSE
	EndGlobalSection
	GlobalSection(ExtensibilityGlobals) = postSolution
		SolutionGuid = {E9D6A807-DF08-43C0-A3FF-4A55F8E0D96D}
	EndGlobalSection
EndGlobal
