
Microsoft Visual Studio Solution File, Format Version 12.00
# Visual Studio Version 16
VisualStudioVersion = 16.0.30225.117
MinimumVisualStudioVersion = 10.0.40219.1
Project("{FAE04EC0-301F-11D3-BF4B-00C04F79EFBC}") = "DictionaryDemo", "DictionaryDemo\DictionaryDemo.csproj", "{2B9E6078-2FE7-4D81-A9EB-F2F8F8B891E1}"
EndProject
Global
	GlobalSection(SolutionConfigurationPlatforms) = preSolution
		Debug|Any CPU = Debug|Any CPU
		Release|Any CPU = Release|Any CPU
	EndGlobalSection
	GlobalSection(ProjectConfigurationPlatforms) = postSolution
		{2B9E6078-2FE7-4D81-A9EB-F2F8F8B891E1}.Debug|Any CPU.ActiveCfg = Debug|Any CPU
		{2B9E6078-2FE7-4D81-A9EB-F2F8F8B891E1}.Debug|Any CPU.Build.0 = Debug|Any CPU
		{2B9E6078-2FE7-4D81-A9EB-F2F8F8B891E1}.Release|Any CPU.ActiveCfg = Release|Any CPU
		{2B9E6078-2FE7-4D81-A9EB-F2F8F8B891E1}.Release|Any CPU.Build.0 = Release|Any CPU
	EndGlobalSection
	GlobalSection(SolutionProperties) = preSolution
		HideSolutionNode = FALSE
	EndGlobalSection
	GlobalSection(ExtensibilityGlobals) = postSolution
		SolutionGuid = {0E099FDC-8BF1-4039-AD57-077D476B813B}
	EndGlobalSection
EndGlobal
