
Microsoft Visual Studio Solution File, Format Version 12.00
# Visual Studio Version 16
VisualStudioVersion = 16.0.30225.117
MinimumVisualStudioVersion = 10.0.40219.1
Project("{FAE04EC0-301F-11D3-BF4B-00C04F79EFBC}") = "ConAppLinked", "ConAppLinked\ConAppLinked.csproj", "{F3C491F8-2BEF-4EC4-AC10-62BA250C9EF1}"
EndProject
Global
	GlobalSection(SolutionConfigurationPlatforms) = preSolution
		Debug|Any CPU = Debug|Any CPU
		Release|Any CPU = Release|Any CPU
	EndGlobalSection
	GlobalSection(ProjectConfigurationPlatforms) = postSolution
		{F3C491F8-2BEF-4EC4-AC10-62BA250C9EF1}.Debug|Any CPU.ActiveCfg = Debug|Any CPU
		{F3C491F8-2BEF-4EC4-AC10-62BA250C9EF1}.Debug|Any CPU.Build.0 = Debug|Any CPU
		{F3C491F8-2BEF-4EC4-AC10-62BA250C9EF1}.Release|Any CPU.ActiveCfg = Release|Any CPU
		{F3C491F8-2BEF-4EC4-AC10-62BA250C9EF1}.Release|Any CPU.Build.0 = Release|Any CPU
	EndGlobalSection
	GlobalSection(SolutionProperties) = preSolution
		HideSolutionNode = FALSE
	EndGlobalSection
	GlobalSection(ExtensibilityGlobals) = postSolution
		SolutionGuid = {ADB17E16-5251-4888-A305-4BD36286480D}
	EndGlobalSection
EndGlobal
